
Microsoft Visual Studio Solution File, Format Version 12.00
# Visual Studio Version 17
VisualStudioVersion = 17.7.34221.43
MinimumVisualStudioVersion = 10.0.40219.1
Project("{FAE04EC0-301F-11D3-BF4B-00C04F79EFBC}") = "Lab03QuizNania2.0", "Lab03QuizNania2.0\Lab03QuizNania2.0.csproj", "{D152CD83-41E7-4772-8767-FF2174575A0F}"
EndProject
Global
	GlobalSection(SolutionConfigurationPlatforms) = preSolution
		Debug|Any CPU = Debug|Any CPU
		Release|Any CPU = Release|Any CPU
	EndGlobalSection
	GlobalSection(ProjectConfigurationPlatforms) = postSolution
		{D152CD83-41E7-4772-8767-FF2174575A0F}.Debug|Any CPU.ActiveCfg = Debug|Any CPU
		{D152CD83-41E7-4772-8767-FF2174575A0F}.Debug|Any CPU.Build.0 = Debug|Any CPU
		{D152CD83-41E7-4772-8767-FF2174575A0F}.Release|Any CPU.ActiveCfg = Release|Any CPU
		{D152CD83-41E7-4772-8767-FF2174575A0F}.Release|Any CPU.Build.0 = Release|Any CPU
	EndGlobalSection
	GlobalSection(SolutionProperties) = preSolution
		HideSolutionNode = FALSE
	EndGlobalSection
	GlobalSection(ExtensibilityGlobals) = postSolution
		SolutionGuid = {35A8C8F0-2C44-4011-A6C7-DAD2BBC8C0EA}
	EndGlobalSection
EndGlobal
